
Microsoft Visual Studio Solution File, Format Version 12.00
# Visual Studio Version 17
VisualStudioVersion = 17.11.35222.181
MinimumVisualStudioVersion = 10.0.40219.1
Project("{FAE04EC0-301F-11D3-BF4B-00C04F79EFBC}") = "ObjectInAreaSimulation", "ObjectInAreaSimulation\ObjectInAreaSimulation.csproj", "{1F1CDDAB-1E6E-4B41-8BEC-9530D6AE7629}"
EndProject
Project("{FAE04EC0-301F-11D3-BF4B-00C04F79EFBC}") = "ObjectINAreaSimulationUnitTests", "ObjectINAreaSimulationUnitTests\ObjectINAreaSimulationUnitTests.csproj", "{134E978A-12EB-43AB-9AF2-CBE2B66F44E3}"
EndProject
Global
	GlobalSection(SolutionConfigurationPlatforms) = preSolution
		Debug|Any CPU = Debug|Any CPU
		Release|Any CPU = Release|Any CPU
	EndGlobalSection
	GlobalSection(ProjectConfigurationPlatforms) = postSolution
		{1F1CDDAB-1E6E-4B41-8BEC-9530D6AE7629}.Debug|Any CPU.ActiveCfg = Debug|Any CPU
		{1F1CDDAB-1E6E-4B41-8BEC-9530D6AE7629}.Debug|Any CPU.Build.0 = Debug|Any CPU
		{1F1CDDAB-1E6E-4B41-8BEC-9530D6AE7629}.Release|Any CPU.ActiveCfg = Release|Any CPU
		{1F1CDDAB-1E6E-4B41-8BEC-9530D6AE7629}.Release|Any CPU.Build.0 = Release|Any CPU
		{134E978A-12EB-43AB-9AF2-CBE2B66F44E3}.Debug|Any CPU.ActiveCfg = Debug|Any CPU
		{134E978A-12EB-43AB-9AF2-CBE2B66F44E3}.Debug|Any CPU.Build.0 = Debug|Any CPU
		{134E978A-12EB-43AB-9AF2-CBE2B66F44E3}.Release|Any CPU.ActiveCfg = Release|Any CPU
		{134E978A-12EB-43AB-9AF2-CBE2B66F44E3}.Release|Any CPU.Build.0 = Release|Any CPU
	EndGlobalSection
	GlobalSection(SolutionProperties) = preSolution
		HideSolutionNode = FALSE
	EndGlobalSection
	GlobalSection(ExtensibilityGlobals) = postSolution
		SolutionGuid = {7C05820B-9939-438E-AEF6-FDC6DFA47481}
	EndGlobalSection
EndGlobal
